
Microsoft Visual Studio Solution File, Format Version 12.00
# Visual Studio Version 16
VisualStudioVersion = 16.0.29424.173
MinimumVisualStudioVersion = 10.0.40219.1
Project("{9A19103F-16F7-4668-BE54-9A1E7A4F7556}") = "SimpleShoppingCart.Core", "SimpleShoppingCart.Core.csproj", "{5B726297-9B60-4C90-B61B-C4FC7CAF35F6}"
EndProject
Project("{FAE04EC0-301F-11D3-BF4B-00C04F79EFBC}") = "SimpleShoppingCart.Core.Test", "..\SimpleShoppingCart.Core.Test\SimpleShoppingCart.Core.Test.csproj", "{A6B2E638-C583-4398-B998-BD5660B83FEB}"
EndProject
Global
	GlobalSection(SolutionConfigurationPlatforms) = preSolution
		Debug|Any CPU = Debug|Any CPU
		Release|Any CPU = Release|Any CPU
	EndGlobalSection
	GlobalSection(ProjectConfigurationPlatforms) = postSolution
		{5B726297-9B60-4C90-B61B-C4FC7CAF35F6}.Debug|Any CPU.ActiveCfg = Debug|Any CPU
		{5B726297-9B60-4C90-B61B-C4FC7CAF35F6}.Debug|Any CPU.Build.0 = Debug|Any CPU
		{5B726297-9B60-4C90-B61B-C4FC7CAF35F6}.Release|Any CPU.ActiveCfg = Release|Any CPU
		{5B726297-9B60-4C90-B61B-C4FC7CAF35F6}.Release|Any CPU.Build.0 = Release|Any CPU
		{A6B2E638-C583-4398-B998-BD5660B83FEB}.Debug|Any CPU.ActiveCfg = Debug|Any CPU
		{A6B2E638-C583-4398-B998-BD5660B83FEB}.Debug|Any CPU.Build.0 = Debug|Any CPU
		{A6B2E638-C583-4398-B998-BD5660B83FEB}.Release|Any CPU.ActiveCfg = Release|Any CPU
		{A6B2E638-C583-4398-B998-BD5660B83FEB}.Release|Any CPU.Build.0 = Release|Any CPU
	EndGlobalSection
	GlobalSection(SolutionProperties) = preSolution
		HideSolutionNode = FALSE
	EndGlobalSection
	GlobalSection(ExtensibilityGlobals) = postSolution
		SolutionGuid = {266FF7A8-A03A-42F5-8448-78E8A49EFA27}
	EndGlobalSection
EndGlobal
